
Microsoft Visual Studio Solution File, Format Version 12.00
# Visual Studio Version 17
VisualStudioVersion = 17.11.35219.272
MinimumVisualStudioVersion = 10.0.40219.1
Project("{FAE04EC0-301F-11D3-BF4B-00C04F79EFBC}") = "OnlineCourses", "OnlineCourses\OnlineCourses.csproj", "{F4F8EC07-A8E5-40A0-9C16-30AE32B9FB79}"
EndProject
Project("{FAE04EC0-301F-11D3-BF4B-00C04F79EFBC}") = "Data", "Data\Data.csproj", "{037DFFDC-3450-4F26-B8C5-633D4A226CC6}"
EndProject
Global
	GlobalSection(SolutionConfigurationPlatforms) = preSolution
		Debug|Any CPU = Debug|Any CPU
		Release|Any CPU = Release|Any CPU
	EndGlobalSection
	GlobalSection(ProjectConfigurationPlatforms) = postSolution
		{F4F8EC07-A8E5-40A0-9C16-30AE32B9FB79}.Debug|Any CPU.ActiveCfg = Debug|Any CPU
		{F4F8EC07-A8E5-40A0-9C16-30AE32B9FB79}.Debug|Any CPU.Build.0 = Debug|Any CPU
		{F4F8EC07-A8E5-40A0-9C16-30AE32B9FB79}.Release|Any CPU.ActiveCfg = Release|Any CPU
		{F4F8EC07-A8E5-40A0-9C16-30AE32B9FB79}.Release|Any CPU.Build.0 = Release|Any CPU
		{037DFFDC-3450-4F26-B8C5-633D4A226CC6}.Debug|Any CPU.ActiveCfg = Debug|Any CPU
		{037DFFDC-3450-4F26-B8C5-633D4A226CC6}.Debug|Any CPU.Build.0 = Debug|Any CPU
		{037DFFDC-3450-4F26-B8C5-633D4A226CC6}.Release|Any CPU.ActiveCfg = Release|Any CPU
		{037DFFDC-3450-4F26-B8C5-633D4A226CC6}.Release|Any CPU.Build.0 = Release|Any CPU
	EndGlobalSection
	GlobalSection(SolutionProperties) = preSolution
		HideSolutionNode = FALSE
	EndGlobalSection
	GlobalSection(ExtensibilityGlobals) = postSolution
		SolutionGuid = {3C75E98A-9AC2-4143-A1C1-1075D90D7039}
	EndGlobalSection
EndGlobal
